
Microsoft Visual Studio Solution File, Format Version 12.00
# Visual Studio Version 17
VisualStudioVersion = 17.2.32526.322
MinimumVisualStudioVersion = 10.0.40219.1
Project("{2150E333-8FDC-42A3-9474-1A3956D46DE8}") = "src", "src", "{DE14CDCD-D96E-45C9-86F7-B2E466EDC993}"
EndProject
Project("{FAE04EC0-301F-11D3-BF4B-00C04F79EFBC}") = "Domain", "Domain\Domain.csproj", "{7F28A725-7734-4A4D-8E54-354FF5933F45}"
EndProject
Project("{FAE04EC0-301F-11D3-BF4B-00C04F79EFBC}") = "Infrastructure", "Infrastructure\Infrastructure.csproj", "{E30C1AAE-C4C2-40C6-BDF2-B41C95B36BEB}"
EndProject
Project("{FAE04EC0-301F-11D3-BF4B-00C04F79EFBC}") = "Application", "Application\Application.csproj", "{103D411D-9CA5-4829-A0FE-3BCBCF7E2ED3}"
EndProject
Project("{FAE04EC0-301F-11D3-BF4B-00C04F79EFBC}") = "WebAPI", "WebAPI\WebAPI.csproj", "{621FDC01-4146-445B-A6DF-B8182925AED8}"
EndProject
Global
	GlobalSection(SolutionConfigurationPlatforms) = preSolution
		Debug|Any CPU = Debug|Any CPU
		Release|Any CPU = Release|Any CPU
	EndGlobalSection
	GlobalSection(ProjectConfigurationPlatforms) = postSolution
		{7F28A725-7734-4A4D-8E54-354FF5933F45}.Debug|Any CPU.ActiveCfg = Debug|Any CPU
		{7F28A725-7734-4A4D-8E54-354FF5933F45}.Debug|Any CPU.Build.0 = Debug|Any CPU
		{7F28A725-7734-4A4D-8E54-354FF5933F45}.Release|Any CPU.ActiveCfg = Release|Any CPU
		{7F28A725-7734-4A4D-8E54-354FF5933F45}.Release|Any CPU.Build.0 = Release|Any CPU
		{E30C1AAE-C4C2-40C6-BDF2-B41C95B36BEB}.Debug|Any CPU.ActiveCfg = Debug|Any CPU
		{E30C1AAE-C4C2-40C6-BDF2-B41C95B36BEB}.Debug|Any CPU.Build.0 = Debug|Any CPU
		{E30C1AAE-C4C2-40C6-BDF2-B41C95B36BEB}.Release|Any CPU.ActiveCfg = Release|Any CPU
		{E30C1AAE-C4C2-40C6-BDF2-B41C95B36BEB}.Release|Any CPU.Build.0 = Release|Any CPU
		{103D411D-9CA5-4829-A0FE-3BCBCF7E2ED3}.Debug|Any CPU.ActiveCfg = Debug|Any CPU
		{103D411D-9CA5-4829-A0FE-3BCBCF7E2ED3}.Debug|Any CPU.Build.0 = Debug|Any CPU
		{103D411D-9CA5-4829-A0FE-3BCBCF7E2ED3}.Release|Any CPU.ActiveCfg = Release|Any CPU
		{103D411D-9CA5-4829-A0FE-3BCBCF7E2ED3}.Release|Any CPU.Build.0 = Release|Any CPU
		{621FDC01-4146-445B-A6DF-B8182925AED8}.Debug|Any CPU.ActiveCfg = Debug|Any CPU
		{621FDC01-4146-445B-A6DF-B8182925AED8}.Debug|Any CPU.Build.0 = Debug|Any CPU
		{621FDC01-4146-445B-A6DF-B8182925AED8}.Release|Any CPU.ActiveCfg = Release|Any CPU
		{621FDC01-4146-445B-A6DF-B8182925AED8}.Release|Any CPU.Build.0 = Release|Any CPU
	EndGlobalSection
	GlobalSection(SolutionProperties) = preSolution
		HideSolutionNode = FALSE
	EndGlobalSection
	GlobalSection(NestedProjects) = preSolution
		{7F28A725-7734-4A4D-8E54-354FF5933F45} = {DE14CDCD-D96E-45C9-86F7-B2E466EDC993}
		{E30C1AAE-C4C2-40C6-BDF2-B41C95B36BEB} = {DE14CDCD-D96E-45C9-86F7-B2E466EDC993}
		{103D411D-9CA5-4829-A0FE-3BCBCF7E2ED3} = {DE14CDCD-D96E-45C9-86F7-B2E466EDC993}
		{621FDC01-4146-445B-A6DF-B8182925AED8} = {DE14CDCD-D96E-45C9-86F7-B2E466EDC993}
	EndGlobalSection
	GlobalSection(ExtensibilityGlobals) = postSolution
		SolutionGuid = {4EC980FC-FB0A-41E9-9489-454533422C24}
	EndGlobalSection
EndGlobal
